
Microsoft Visual Studio Solution File, Format Version 12.00
# Visual Studio 15
VisualStudioVersion = 15.0.28010.2026
MinimumVisualStudioVersion = 10.0.40219.1
Project("{00D1A9C2-B5F0-4AF3-8072-F6C62B433612}") = "ContosoUniversityData", "ContosoUniversityData\ContosoUniversityData.sqlproj", "{D78F5725-C75E-47C3-985B-6C7A6B95BFB2}"
EndProject
Project("{FAE04EC0-301F-11D3-BF4B-00C04F79EFBC}") = "ContosoSite", "ContosoSite\ContosoSite.csproj", "{CF8C3634-40DB-46D4-A5EF-43AD2C25B21C}"
EndProject
Global
	GlobalSection(SolutionConfigurationPlatforms) = preSolution
		Debug|Any CPU = Debug|Any CPU
		Release|Any CPU = Release|Any CPU
	EndGlobalSection
	GlobalSection(ProjectConfigurationPlatforms) = postSolution
		{D78F5725-C75E-47C3-985B-6C7A6B95BFB2}.Debug|Any CPU.ActiveCfg = Debug|Any CPU
		{D78F5725-C75E-47C3-985B-6C7A6B95BFB2}.Debug|Any CPU.Build.0 = Debug|Any CPU
		{D78F5725-C75E-47C3-985B-6C7A6B95BFB2}.Debug|Any CPU.Deploy.0 = Debug|Any CPU
		{D78F5725-C75E-47C3-985B-6C7A6B95BFB2}.Release|Any CPU.ActiveCfg = Release|Any CPU
		{D78F5725-C75E-47C3-985B-6C7A6B95BFB2}.Release|Any CPU.Build.0 = Release|Any CPU
		{D78F5725-C75E-47C3-985B-6C7A6B95BFB2}.Release|Any CPU.Deploy.0 = Release|Any CPU
		{CF8C3634-40DB-46D4-A5EF-43AD2C25B21C}.Debug|Any CPU.ActiveCfg = Debug|Any CPU
		{CF8C3634-40DB-46D4-A5EF-43AD2C25B21C}.Debug|Any CPU.Build.0 = Debug|Any CPU
		{CF8C3634-40DB-46D4-A5EF-43AD2C25B21C}.Release|Any CPU.ActiveCfg = Release|Any CPU
		{CF8C3634-40DB-46D4-A5EF-43AD2C25B21C}.Release|Any CPU.Build.0 = Release|Any CPU
	EndGlobalSection
	GlobalSection(SolutionProperties) = preSolution
		HideSolutionNode = FALSE
	EndGlobalSection
	GlobalSection(ExtensibilityGlobals) = postSolution
		SolutionGuid = {B192675D-2A2B-4BDA-A684-4A3E112BD2B0}
	EndGlobalSection
EndGlobal
